
Microsoft Visual Studio Solution File, Format Version 12.00
# Visual Studio Version 17
VisualStudioVersion = 17.9.34728.123
MinimumVisualStudioVersion = 10.0.40219.1
Project("{FAE04EC0-301F-11D3-BF4B-00C04F79EFBC}") = "Automation.FrameworkCore.WebUI", "Automation.FrameworkCore.WebUI\Automation.FrameworkCore.WebUI.csproj", "{BE1C2876-CACA-4313-8108-58CCED3EDD15}"
EndProject
Project("{FAE04EC0-301F-11D3-BF4B-00C04F79EFBC}") = "Automation.DemoUI", "Automation.DemoUI\Automation.DemoUI.csproj", "{922ED0E9-7165-4616-9FC8-196C55CE5C69}"
EndProject
Project("{FAE04EC0-301F-11D3-BF4B-00C04F79EFBC}") = "Automation.DemoUI.Tests", "Automation.DemoUI.Tests\Automation.DemoUI.Tests.csproj", "{9B39BD18-EF81-431D-9389-2E27F65FA09A}"
EndProject
Global
	GlobalSection(SolutionConfigurationPlatforms) = preSolution
		Debug|Any CPU = Debug|Any CPU
		Release|Any CPU = Release|Any CPU
	EndGlobalSection
	GlobalSection(ProjectConfigurationPlatforms) = postSolution
		{BE1C2876-CACA-4313-8108-58CCED3EDD15}.Debug|Any CPU.ActiveCfg = Debug|Any CPU
		{BE1C2876-CACA-4313-8108-58CCED3EDD15}.Debug|Any CPU.Build.0 = Debug|Any CPU
		{BE1C2876-CACA-4313-8108-58CCED3EDD15}.Release|Any CPU.ActiveCfg = Release|Any CPU
		{BE1C2876-CACA-4313-8108-58CCED3EDD15}.Release|Any CPU.Build.0 = Release|Any CPU
		{922ED0E9-7165-4616-9FC8-196C55CE5C69}.Debug|Any CPU.ActiveCfg = Debug|Any CPU
		{922ED0E9-7165-4616-9FC8-196C55CE5C69}.Debug|Any CPU.Build.0 = Debug|Any CPU
		{922ED0E9-7165-4616-9FC8-196C55CE5C69}.Release|Any CPU.ActiveCfg = Release|Any CPU
		{922ED0E9-7165-4616-9FC8-196C55CE5C69}.Release|Any CPU.Build.0 = Release|Any CPU
		{9B39BD18-EF81-431D-9389-2E27F65FA09A}.Debug|Any CPU.ActiveCfg = Debug|Any CPU
		{9B39BD18-EF81-431D-9389-2E27F65FA09A}.Debug|Any CPU.Build.0 = Debug|Any CPU
		{9B39BD18-EF81-431D-9389-2E27F65FA09A}.Release|Any CPU.ActiveCfg = Release|Any CPU
		{9B39BD18-EF81-431D-9389-2E27F65FA09A}.Release|Any CPU.Build.0 = Release|Any CPU
	EndGlobalSection
	GlobalSection(SolutionProperties) = preSolution
		HideSolutionNode = FALSE
	EndGlobalSection
	GlobalSection(ExtensibilityGlobals) = postSolution
		SolutionGuid = {F18C36EB-9A7F-4CA7-AF64-1297683C7A66}
	EndGlobalSection
EndGlobal
